
Microsoft Visual Studio Solution File, Format Version 12.00
# Visual Studio Version 17
VisualStudioVersion = 17.3.32922.545
MinimumVisualStudioVersion = 10.0.40219.1
Project("{FAE04EC0-301F-11D3-BF4B-00C04F79EFBC}") = "atv5", "atv5.csproj", "{EE71AFD0-4E43-4E48-960C-92AEDCB33CFF}"
EndProject
Global
	GlobalSection(SolutionConfigurationPlatforms) = preSolution
		Debug|Any CPU = Debug|Any CPU
		Release|Any CPU = Release|Any CPU
	EndGlobalSection
	GlobalSection(ProjectConfigurationPlatforms) = postSolution
		{EE71AFD0-4E43-4E48-960C-92AEDCB33CFF}.Debug|Any CPU.ActiveCfg = Debug|Any CPU
		{EE71AFD0-4E43-4E48-960C-92AEDCB33CFF}.Debug|Any CPU.Build.0 = Debug|Any CPU
		{EE71AFD0-4E43-4E48-960C-92AEDCB33CFF}.Release|Any CPU.ActiveCfg = Release|Any CPU
		{EE71AFD0-4E43-4E48-960C-92AEDCB33CFF}.Release|Any CPU.Build.0 = Release|Any CPU
	EndGlobalSection
	GlobalSection(SolutionProperties) = preSolution
		HideSolutionNode = FALSE
	EndGlobalSection
	GlobalSection(ExtensibilityGlobals) = postSolution
		SolutionGuid = {2114F8E0-013A-44EF-98F5-4B014934E613}
	EndGlobalSection
EndGlobal
