
Microsoft Visual Studio Solution File, Format Version 12.00
# Visual Studio Version 17
VisualStudioVersion = 17.5.33424.131
MinimumVisualStudioVersion = 10.0.40219.1
Project("{FAE04EC0-301F-11D3-BF4B-00C04F79EFBC}") = "Atv8-5.6", "Atv8-5.6\Atv8-5.6.csproj", "{548EA67F-F766-40C7-866F-96E81535E635}"
EndProject
Global
	GlobalSection(SolutionConfigurationPlatforms) = preSolution
		Debug|Any CPU = Debug|Any CPU
		Release|Any CPU = Release|Any CPU
	EndGlobalSection
	GlobalSection(ProjectConfigurationPlatforms) = postSolution
		{548EA67F-F766-40C7-866F-96E81535E635}.Debug|Any CPU.ActiveCfg = Debug|Any CPU
		{548EA67F-F766-40C7-866F-96E81535E635}.Debug|Any CPU.Build.0 = Debug|Any CPU
		{548EA67F-F766-40C7-866F-96E81535E635}.Release|Any CPU.ActiveCfg = Release|Any CPU
		{548EA67F-F766-40C7-866F-96E81535E635}.Release|Any CPU.Build.0 = Release|Any CPU
	EndGlobalSection
	GlobalSection(SolutionProperties) = preSolution
		HideSolutionNode = FALSE
	EndGlobalSection
	GlobalSection(ExtensibilityGlobals) = postSolution
		SolutionGuid = {4D969B4D-57B4-43C2-BA2B-77C90ED0F519}
	EndGlobalSection
EndGlobal
