
Microsoft Visual Studio Solution File, Format Version 12.00
# Visual Studio Version 17
VisualStudioVersion = 17.3.32922.545
MinimumVisualStudioVersion = 10.0.40219.1
Project("{FAE04EC0-301F-11D3-BF4B-00C04F79EFBC}") = "Atv01-5.6", "Atv01-5.6.csproj", "{579A85AF-EEEA-4574-85F8-E07604B563F7}"
EndProject
Global
	GlobalSection(SolutionConfigurationPlatforms) = preSolution
		Debug|Any CPU = Debug|Any CPU
		Release|Any CPU = Release|Any CPU
	EndGlobalSection
	GlobalSection(ProjectConfigurationPlatforms) = postSolution
		{579A85AF-EEEA-4574-85F8-E07604B563F7}.Debug|Any CPU.ActiveCfg = Debug|Any CPU
		{579A85AF-EEEA-4574-85F8-E07604B563F7}.Debug|Any CPU.Build.0 = Debug|Any CPU
		{579A85AF-EEEA-4574-85F8-E07604B563F7}.Release|Any CPU.ActiveCfg = Release|Any CPU
		{579A85AF-EEEA-4574-85F8-E07604B563F7}.Release|Any CPU.Build.0 = Release|Any CPU
	EndGlobalSection
	GlobalSection(SolutionProperties) = preSolution
		HideSolutionNode = FALSE
	EndGlobalSection
	GlobalSection(ExtensibilityGlobals) = postSolution
		SolutionGuid = {B468339C-376E-4D0C-9A72-7F1E8ED79A12}
	EndGlobalSection
EndGlobal
