
Microsoft Visual Studio Solution File, Format Version 12.00
# Visual Studio Version 17
VisualStudioVersion = 17.3.32922.545
MinimumVisualStudioVersion = 10.0.40219.1
Project("{FAE04EC0-301F-11D3-BF4B-00C04F79EFBC}") = "Atv-3", "Atv-3.csproj", "{ED185426-FE8A-4121-A47C-2B64DD6A13C3}"
EndProject
Global
	GlobalSection(SolutionConfigurationPlatforms) = preSolution
		Debug|Any CPU = Debug|Any CPU
		Release|Any CPU = Release|Any CPU
	EndGlobalSection
	GlobalSection(ProjectConfigurationPlatforms) = postSolution
		{ED185426-FE8A-4121-A47C-2B64DD6A13C3}.Debug|Any CPU.ActiveCfg = Debug|Any CPU
		{ED185426-FE8A-4121-A47C-2B64DD6A13C3}.Debug|Any CPU.Build.0 = Debug|Any CPU
		{ED185426-FE8A-4121-A47C-2B64DD6A13C3}.Release|Any CPU.ActiveCfg = Release|Any CPU
		{ED185426-FE8A-4121-A47C-2B64DD6A13C3}.Release|Any CPU.Build.0 = Release|Any CPU
	EndGlobalSection
	GlobalSection(SolutionProperties) = preSolution
		HideSolutionNode = FALSE
	EndGlobalSection
	GlobalSection(ExtensibilityGlobals) = postSolution
		SolutionGuid = {59F4BE6F-9E1B-4E9F-8535-470296C805B5}
	EndGlobalSection
EndGlobal
